// !$*UTF8*$!
{
	archiveVersion = 1;
	classes = {
	};
	objectVersion = 50;
	objects = {

/* Begin PBXBuildFile section */
		0A8757F8D92E046A6637862C /* libPods-FETUITests.a in Frameworks */ = {isa = PBXBuildFile; fileRef = 5ECCDC4CD2ECDD8174C2875A /* libPods-FETUITests.a */; };
		2D69FBE722159D79000304F6 /* AppDelegate.m in Sources */ = {isa = PBXBuildFile; fileRef = 2D69FBE622159D79000304F6 /* AppDelegate.m */; };
		2D69FBEF22159D7A000304F6 /* Assets.xcassets in Resources */ = {isa = PBXBuildFile; fileRef = 2D69FBEE22159D7A000304F6 /* Assets.xcassets */; };
		2D69FBF222159D7A000304F6 /* LaunchScreen.storyboard in Resources */ = {isa = PBXBuildFile; fileRef = 2D69FBF022159D7A000304F6 /* LaunchScreen.storyboard */; };
		2D69FBF522159D7A000304F6 /* main.m in Sources */ = {isa = PBXBuildFile; fileRef = 2D69FBF422159D7A000304F6 /* main.m */; };
		2D69FBFF22159D7A000304F6 /* FETTests.m in Sources */ = {isa = PBXBuildFile; fileRef = 2D69FBFE22159D7A000304F6 /* FETTests.m */; };
		2D69FC0A22159D7A000304F6 /* FETUITests.m in Sources */ = {isa = PBXBuildFile; fileRef = 2D69FC0922159D7A000304F6 /* FETUITests.m */; };
		2D69FC2422159F6E000304F6 /* Network.m in Sources */ = {isa = PBXBuildFile; fileRef = 2D69FC2322159F6E000304F6 /* Network.m */; };
		2D69FC292215A10D000304F6 /* Podfile in Resources */ = {isa = PBXBuildFile; fileRef = 2D69FC282215A10D000304F6 /* Podfile */; };
		2D69FC342215A7D0000304F6 /* JokesLoader.m in Sources */ = {isa = PBXBuildFile; fileRef = 2D69FC332215A7D0000304F6 /* JokesLoader.m */; };
		2D69FC392215B14E000304F6 /* Jokes.storyboard in Resources */ = {isa = PBXBuildFile; fileRef = 2D69FC382215B14E000304F6 /* Jokes.storyboard */; };
		2D69FC7B2215B2C7000304F6 /* RandomJokesViewController.m in Sources */ = {isa = PBXBuildFile; fileRef = 2D69FC7A2215B2C7000304F6 /* RandomJokesViewController.m */; };
		2D69FC7F2215B67C000304F6 /* ResponseSerializer.m in Sources */ = {isa = PBXBuildFile; fileRef = 2D69FC7E2215B67C000304F6 /* ResponseSerializer.m */; };
		2D69FC832215B6F2000304F6 /* BaseResponse.m in Sources */ = {isa = PBXBuildFile; fileRef = 2D69FC822215B6F2000304F6 /* BaseResponse.m */; };
		2D69FC872215B8FA000304F6 /* Joke.m in Sources */ = {isa = PBXBuildFile; fileRef = 2D69FC862215B8FA000304F6 /* Joke.m */; };
		2D69FC8D2215C14B000304F6 /* JokeTableViewCell.m in Sources */ = {isa = PBXBuildFile; fileRef = 2D69FC8B2215C14B000304F6 /* JokeTableViewCell.m */; };
		2D69FC8E2215C14B000304F6 /* JokeTableViewCell.xib in Resources */ = {isa = PBXBuildFile; fileRef = 2D69FC8C2215C14B000304F6 /* JokeTableViewCell.xib */; };
		2D69FC932215C950000304F6 /* JokesSettingsViewController.m in Sources */ = {isa = PBXBuildFile; fileRef = 2D69FC912215C950000304F6 /* JokesSettingsViewController.m */; };
		9D635C38EEAD66F071D5305E /* libPods-FETTests.a in Frameworks */ = {isa = PBXBuildFile; fileRef = AF546518DFBC3BD370220750 /* libPods-FETTests.a */; };
		EAF64E8A4FA69D962D246356 /* libPods-FET.a in Frameworks */ = {isa = PBXBuildFile; fileRef = E319803D54F87A45C17CBFA2 /* libPods-FET.a */; };
/* End PBXBuildFile section */

/* Begin PBXContainerItemProxy section */
		2D69FBFB22159D7A000304F6 /* PBXContainerItemProxy */ = {
			isa = PBXContainerItemProxy;
			containerPortal = 2D69FBDA22159D79000304F6 /* Project object */;
			proxyType = 1;
			remoteGlobalIDString = 2D69FBE122159D79000304F6;
			remoteInfo = FET;
		};
		2D69FC0622159D7A000304F6 /* PBXContainerItemProxy */ = {
			isa = PBXContainerItemProxy;
			containerPortal = 2D69FBDA22159D79000304F6 /* Project object */;
			proxyType = 1;
			remoteGlobalIDString = 2D69FBE122159D79000304F6;
			remoteInfo = FET;
		};
/* End PBXContainerItemProxy section */

/* Begin PBXFileReference section */
		2D69FBE222159D79000304F6 /* FET.app */ = {isa = PBXFileReference; explicitFileType = wrapper.application; includeInIndex = 0; path = FET.app; sourceTree = BUILT_PRODUCTS_DIR; };
		2D69FBE522159D79000304F6 /* AppDelegate.h */ = {isa = PBXFileReference; lastKnownFileType = sourcecode.c.h; path = AppDelegate.h; sourceTree = "<group>"; };
		2D69FBE622159D79000304F6 /* AppDelegate.m */ = {isa = PBXFileReference; lastKnownFileType = sourcecode.c.objc; path = AppDelegate.m; sourceTree = "<group>"; };
		2D69FBEE22159D7A000304F6 /* Assets.xcassets */ = {isa = PBXFileReference; lastKnownFileType = folder.assetcatalog; path = Assets.xcassets; sourceTree = "<group>"; };
		2D69FBF122159D7A000304F6 /* Base */ = {isa = PBXFileReference; lastKnownFileType = file.storyboard; name = Base; path = Base.lproj/LaunchScreen.storyboard; sourceTree = "<group>"; };
		2D69FBF322159D7A000304F6 /* Info.plist */ = {isa = PBXFileReference; lastKnownFileType = text.plist.xml; path = Info.plist; sourceTree = "<group>"; };
		2D69FBF422159D7A000304F6 /* main.m */ = {isa = PBXFileReference; lastKnownFileType = sourcecode.c.objc; path = main.m; sourceTree = "<group>"; };
		2D69FBFA22159D7A000304F6 /* FETTests.xctest */ = {isa = PBXFileReference; explicitFileType = wrapper.cfbundle; includeInIndex = 0; path = FETTests.xctest; sourceTree = BUILT_PRODUCTS_DIR; };
		2D69FBFE22159D7A000304F6 /* FETTests.m */ = {isa = PBXFileReference; lastKnownFileType = sourcecode.c.objc; path = FETTests.m; sourceTree = "<group>"; };
		2D69FC0022159D7A000304F6 /* Info.plist */ = {isa = PBXFileReference; lastKnownFileType = text.plist.xml; path = Info.plist; sourceTree = "<group>"; };
		2D69FC0522159D7A000304F6 /* FETUITests.xctest */ = {isa = PBXFileReference; explicitFileType = wrapper.cfbundle; includeInIndex = 0; path = FETUITests.xctest; sourceTree = BUILT_PRODUCTS_DIR; };
		2D69FC0922159D7A000304F6 /* FETUITests.m */ = {isa = PBXFileReference; lastKnownFileType = sourcecode.c.objc; path = FETUITests.m; sourceTree = "<group>"; };
		2D69FC0B22159D7A000304F6 /* Info.plist */ = {isa = PBXFileReference; lastKnownFileType = text.plist.xml; path = Info.plist; sourceTree = "<group>"; };
		2D69FC2222159F6E000304F6 /* Network.h */ = {isa = PBXFileReference; lastKnownFileType = sourcecode.c.h; path = Network.h; sourceTree = "<group>"; };
		2D69FC2322159F6E000304F6 /* Network.m */ = {isa = PBXFileReference; lastKnownFileType = sourcecode.c.objc; path = Network.m; sourceTree = "<group>"; };
		2D69FC282215A10D000304F6 /* Podfile */ = {isa = PBXFileReference; fileEncoding = 4; lastKnownFileType = text; path = Podfile; sourceTree = SOURCE_ROOT; };
		2D69FC2A2215A3AD000304F6 /* libAFNetworking.a */ = {isa = PBXFileReference; explicitFileType = archive.ar; path = libAFNetworking.a; sourceTree = BUILT_PRODUCTS_DIR; };
		2D69FC312215A62B000304F6 /* AppConstants.h */ = {isa = PBXFileReference; lastKnownFileType = sourcecode.c.h; path = AppConstants.h; sourceTree = "<group>"; };
		2D69FC322215A7D0000304F6 /* JokesLoader.h */ = {isa = PBXFileReference; lastKnownFileType = sourcecode.c.h; path = JokesLoader.h; sourceTree = "<group>"; };
		2D69FC332215A7D0000304F6 /* JokesLoader.m */ = {isa = PBXFileReference; lastKnownFileType = sourcecode.c.objc; path = JokesLoader.m; sourceTree = "<group>"; };
		2D69FC382215B14E000304F6 /* Jokes.storyboard */ = {isa = PBXFileReference; lastKnownFileType = file.storyboard; path = Jokes.storyboard; sourceTree = "<group>"; };
		2D69FC792215B2C7000304F6 /* RandomJokesViewController.h */ = {isa = PBXFileReference; lastKnownFileType = sourcecode.c.h; path = RandomJokesViewController.h; sourceTree = "<group>"; };
		2D69FC7A2215B2C7000304F6 /* RandomJokesViewController.m */ = {isa = PBXFileReference; lastKnownFileType = sourcecode.c.objc; path = RandomJokesViewController.m; sourceTree = "<group>"; };
		2D69FC7D2215B67C000304F6 /* ResponseSerializer.h */ = {isa = PBXFileReference; lastKnownFileType = sourcecode.c.h; path = ResponseSerializer.h; sourceTree = "<group>"; };
		2D69FC7E2215B67C000304F6 /* ResponseSerializer.m */ = {isa = PBXFileReference; lastKnownFileType = sourcecode.c.objc; path = ResponseSerializer.m; sourceTree = "<group>"; };
		2D69FC812215B6F2000304F6 /* BaseResponse.h */ = {isa = PBXFileReference; lastKnownFileType = sourcecode.c.h; path = BaseResponse.h; sourceTree = "<group>"; };
		2D69FC822215B6F2000304F6 /* BaseResponse.m */ = {isa = PBXFileReference; lastKnownFileType = sourcecode.c.objc; path = BaseResponse.m; sourceTree = "<group>"; };
		2D69FC852215B8FA000304F6 /* Joke.h */ = {isa = PBXFileReference; lastKnownFileType = sourcecode.c.h; path = Joke.h; sourceTree = "<group>"; };
		2D69FC862215B8FA000304F6 /* Joke.m */ = {isa = PBXFileReference; lastKnownFileType = sourcecode.c.objc; path = Joke.m; sourceTree = "<group>"; };
		2D69FC8A2215C14B000304F6 /* JokeTableViewCell.h */ = {isa = PBXFileReference; lastKnownFileType = sourcecode.c.h; path = JokeTableViewCell.h; sourceTree = "<group>"; };
		2D69FC8B2215C14B000304F6 /* JokeTableViewCell.m */ = {isa = PBXFileReference; lastKnownFileType = sourcecode.c.objc; path = JokeTableViewCell.m; sourceTree = "<group>"; };
		2D69FC8C2215C14B000304F6 /* JokeTableViewCell.xib */ = {isa = PBXFileReference; lastKnownFileType = file.xib; path = JokeTableViewCell.xib; sourceTree = "<group>"; };
		2D69FC902215C950000304F6 /* JokesSettingsViewController.h */ = {isa = PBXFileReference; lastKnownFileType = sourcecode.c.h; path = JokesSettingsViewController.h; sourceTree = "<group>"; };
		2D69FC912215C950000304F6 /* JokesSettingsViewController.m */ = {isa = PBXFileReference; lastKnownFileType = sourcecode.c.objc; path = JokesSettingsViewController.m; sourceTree = "<group>"; };
		5ECCDC4CD2ECDD8174C2875A /* libPods-FETUITests.a */ = {isa = PBXFileReference; explicitFileType = archive.ar; includeInIndex = 0; path = "libPods-FETUITests.a"; sourceTree = BUILT_PRODUCTS_DIR; };
		6D4A4C964438082CAE69A9A4 /* Pods-FETTests.debug.xcconfig */ = {isa = PBXFileReference; includeInIndex = 1; lastKnownFileType = text.xcconfig; name = "Pods-FETTests.debug.xcconfig"; path = "Pods/Target Support Files/Pods-FETTests/Pods-FETTests.debug.xcconfig"; sourceTree = "<group>"; };
		A6FD98A6A34DCB43338CCDAA /* Pods-FET.debug.xcconfig */ = {isa = PBXFileReference; includeInIndex = 1; lastKnownFileType = text.xcconfig; name = "Pods-FET.debug.xcconfig"; path = "Pods/Target Support Files/Pods-FET/Pods-FET.debug.xcconfig"; sourceTree = "<group>"; };
		A840D66F8F61B9405CC7F720 /* Pods-FETTests.release.xcconfig */ = {isa = PBXFileReference; includeInIndex = 1; lastKnownFileType = text.xcconfig; name = "Pods-FETTests.release.xcconfig"; path = "Pods/Target Support Files/Pods-FETTests/Pods-FETTests.release.xcconfig"; sourceTree = "<group>"; };
		AF546518DFBC3BD370220750 /* libPods-FETTests.a */ = {isa = PBXFileReference; explicitFileType = archive.ar; includeInIndex = 0; path = "libPods-FETTests.a"; sourceTree = BUILT_PRODUCTS_DIR; };
		B71535B0E43A775A55320541 /* Pods-FET.release.xcconfig */ = {isa = PBXFileReference; includeInIndex = 1; lastKnownFileType = text.xcconfig; name = "Pods-FET.release.xcconfig"; path = "Pods/Target Support Files/Pods-FET/Pods-FET.release.xcconfig"; sourceTree = "<group>"; };
		CAD06455AFBB8A8766034E8C /* Pods-FETUITests.debug.xcconfig */ = {isa = PBXFileReference; includeInIndex = 1; lastKnownFileType = text.xcconfig; name = "Pods-FETUITests.debug.xcconfig"; path = "Pods/Target Support Files/Pods-FETUITests/Pods-FETUITests.debug.xcconfig"; sourceTree = "<group>"; };
		E319803D54F87A45C17CBFA2 /* libPods-FET.a */ = {isa = PBXFileReference; explicitFileType = archive.ar; includeInIndex = 0; path = "libPods-FET.a"; sourceTree = BUILT_PRODUCTS_DIR; };
		F887F68A18EFDFBAEB5A4AC5 /* Pods-FETUITests.release.xcconfig */ = {isa = PBXFileReference; includeInIndex = 1; lastKnownFileType = text.xcconfig; name = "Pods-FETUITests.release.xcconfig"; path = "Pods/Target Support Files/Pods-FETUITests/Pods-FETUITests.release.xcconfig"; sourceTree = "<group>"; };
/* End PBXFileReference section */

/* Begin PBXFrameworksBuildPhase section */
		2D69FBDF22159D79000304F6 /* Frameworks */ = {
			isa = PBXFrameworksBuildPhase;
			buildActionMask = 2147483647;
			files = (
				EAF64E8A4FA69D962D246356 /* libPods-FET.a in Frameworks */,
			);
			runOnlyForDeploymentPostprocessing = 0;
		};
		2D69FBF722159D7A000304F6 /* Frameworks */ = {
			isa = PBXFrameworksBuildPhase;
			buildActionMask = 2147483647;
			files = (
				9D635C38EEAD66F071D5305E /* libPods-FETTests.a in Frameworks */,
			);
			runOnlyForDeploymentPostprocessing = 0;
		};
		2D69FC0222159D7A000304F6 /* Frameworks */ = {
			isa = PBXFrameworksBuildPhase;
			buildActionMask = 2147483647;
			files = (
				0A8757F8D92E046A6637862C /* libPods-FETUITests.a in Frameworks */,
			);
			runOnlyForDeploymentPostprocessing = 0;
		};
/* End PBXFrameworksBuildPhase section */

/* Begin PBXGroup section */
		2D69FBD922159D79000304F6 = {
			isa = PBXGroup;
			children = (
				2D69FBE422159D79000304F6 /* FET */,
				2D69FBFD22159D7A000304F6 /* FETTests */,
				2D69FC0822159D7A000304F6 /* FETUITests */,
				2D69FBE322159D79000304F6 /* Products */,
				F91D42D4A44DFE6456328C65 /* Pods */,
				9D350858DB6C1A9E52EFB9F0 /* Frameworks */,
			);
			sourceTree = "<group>";
		};
		2D69FBE322159D79000304F6 /* Products */ = {
			isa = PBXGroup;
			children = (
				2D69FBE222159D79000304F6 /* FET.app */,
				2D69FBFA22159D7A000304F6 /* FETTests.xctest */,
				2D69FC0522159D7A000304F6 /* FETUITests.xctest */,
			);
			name = Products;
			sourceTree = "<group>";
		};
		2D69FBE422159D79000304F6 /* FET */ = {
			isa = PBXGroup;
			children = (
				2D69FC1B22159D96000304F6 /* Application */,
				2D69FC1A22159D90000304F6 /* Networking */,
				2D69FC1922159D8C000304F6 /* Models */,
				2D69FC1822159D87000304F6 /* Stories */,
				2D69FC1C22159DA4000304F6 /* User Interface */,
				2D69FC1722159D80000304F6 /* Resources */,
			);
			path = FET;
			sourceTree = "<group>";
		};
		2D69FBFD22159D7A000304F6 /* FETTests */ = {
			isa = PBXGroup;
			children = (
				2D69FBFE22159D7A000304F6 /* FETTests.m */,
				2D69FC0022159D7A000304F6 /* Info.plist */,
			);
			path = FETTests;
			sourceTree = "<group>";
		};
		2D69FC0822159D7A000304F6 /* FETUITests */ = {
			isa = PBXGroup;
			children = (
				2D69FC0922159D7A000304F6 /* FETUITests.m */,
				2D69FC0B22159D7A000304F6 /* Info.plist */,
			);
			path = FETUITests;
			sourceTree = "<group>";
		};
		2D69FC1722159D80000304F6 /* Resources */ = {
			isa = PBXGroup;
			children = (
				2D69FBEE22159D7A000304F6 /* Assets.xcassets */,
			);
			path = Resources;
			sourceTree = "<group>";
		};
		2D69FC1822159D87000304F6 /* Stories */ = {
			isa = PBXGroup;
			children = (
				2D69FC782215B2AF000304F6 /* JokesListing */,
				2D69FC8F2215C939000304F6 /* JokesSettings */,
			);
			path = Stories;
			sourceTree = "<group>";
		};
		2D69FC1922159D8C000304F6 /* Models */ = {
			isa = PBXGroup;
			children = (
				2D69FC842215B8EF000304F6 /* Joke */,
				2D69FC802215B6E5000304F6 /* BaseResponse */,
			);
			path = Models;
			sourceTree = "<group>";
		};
		2D69FC1A22159D90000304F6 /* Networking */ = {
			isa = PBXGroup;
			children = (
				2D69FC7C2215B644000304F6 /* ResponseSerializer */,
				2D69FC2022159DFD000304F6 /* Networking */,
				2D69FC1F22159DF2000304F6 /* APILoaders */,
			);
			path = Networking;
			sourceTree = "<group>";
		};
		2D69FC1B22159D96000304F6 /* Application */ = {
			isa = PBXGroup;
			children = (
				2D69FC302215A61B000304F6 /* AppConstants */,
				2D69FC1E22159DE0000304F6 /* Main */,
				2D69FC1D22159DB4000304F6 /* AppDelegate */,
				2D69FC2122159E12000304F6 /* InfoPList */,
				2D69FC272215A0DF000304F6 /* PodFile */,
			);
			path = Application;
			sourceTree = "<group>";
		};
		2D69FC1C22159DA4000304F6 /* User Interface */ = {
			isa = PBXGroup;
			children = (
				2D69FBF022159D7A000304F6 /* LaunchScreen.storyboard */,
				2D69FC382215B14E000304F6 /* Jokes.storyboard */,
			);
			path = "User Interface";
			sourceTree = "<group>";
		};
		2D69FC1D22159DB4000304F6 /* AppDelegate */ = {
			isa = PBXGroup;
			children = (
				2D69FBE522159D79000304F6 /* AppDelegate.h */,
				2D69FBE622159D79000304F6 /* AppDelegate.m */,
			);
			path = AppDelegate;
			sourceTree = "<group>";
		};
		2D69FC1E22159DE0000304F6 /* Main */ = {
			isa = PBXGroup;
			children = (
				2D69FBF422159D7A000304F6 /* main.m */,
			);
			path = Main;
			sourceTree = "<group>";
		};
		2D69FC1F22159DF2000304F6 /* APILoaders */ = {
			isa = PBXGroup;
			children = (
				2D69FC322215A7D0000304F6 /* JokesLoader.h */,
				2D69FC332215A7D0000304F6 /* JokesLoader.m */,
			);
			path = APILoaders;
			sourceTree = "<group>";
		};
		2D69FC2022159DFD000304F6 /* Networking */ = {
			isa = PBXGroup;
			children = (
				2D69FC2222159F6E000304F6 /* Network.h */,
				2D69FC2322159F6E000304F6 /* Network.m */,
			);
			path = Networking;
			sourceTree = "<group>";
		};
		2D69FC2122159E12000304F6 /* InfoPList */ = {
			isa = PBXGroup;
			children = (
				2D69FBF322159D7A000304F6 /* Info.plist */,
			);
			path = InfoPList;
			sourceTree = "<group>";
		};
		2D69FC272215A0DF000304F6 /* PodFile */ = {
			isa = PBXGroup;
			children = (
				2D69FC282215A10D000304F6 /* Podfile */,
			);
			path = PodFile;
			sourceTree = "<group>";
		};
		2D69FC302215A61B000304F6 /* AppConstants */ = {
			isa = PBXGroup;
			children = (
				2D69FC312215A62B000304F6 /* AppConstants.h */,
			);
			path = AppConstants;
			sourceTree = "<group>";
		};
		2D69FC782215B2AF000304F6 /* JokesListing */ = {
			isa = PBXGroup;
			children = (
				2D69FC792215B2C7000304F6 /* RandomJokesViewController.h */,
				2D69FC7A2215B2C7000304F6 /* RandomJokesViewController.m */,
				2D69FC892215C12D000304F6 /* JokeCell */,
			);
			path = JokesListing;
			sourceTree = "<group>";
		};
		2D69FC7C2215B644000304F6 /* ResponseSerializer */ = {
			isa = PBXGroup;
			children = (
				2D69FC7D2215B67C000304F6 /* ResponseSerializer.h */,
				2D69FC7E2215B67C000304F6 /* ResponseSerializer.m */,
			);
			path = ResponseSerializer;
			sourceTree = "<group>";
		};
		2D69FC802215B6E5000304F6 /* BaseResponse */ = {
			isa = PBXGroup;
			children = (
				2D69FC812215B6F2000304F6 /* BaseResponse.h */,
				2D69FC822215B6F2000304F6 /* BaseResponse.m */,
			);
			path = BaseResponse;
			sourceTree = "<group>";
		};
		2D69FC842215B8EF000304F6 /* Joke */ = {
			isa = PBXGroup;
			children = (
				2D69FC852215B8FA000304F6 /* Joke.h */,
				2D69FC862215B8FA000304F6 /* Joke.m */,
			);
			path = Joke;
			sourceTree = "<group>";
		};
		2D69FC892215C12D000304F6 /* JokeCell */ = {
			isa = PBXGroup;
			children = (
				2D69FC8A2215C14B000304F6 /* JokeTableViewCell.h */,
				2D69FC8B2215C14B000304F6 /* JokeTableViewCell.m */,
				2D69FC8C2215C14B000304F6 /* JokeTableViewCell.xib */,
			);
			path = JokeCell;
			sourceTree = "<group>";
		};
		2D69FC8F2215C939000304F6 /* JokesSettings */ = {
			isa = PBXGroup;
			children = (
				2D69FC902215C950000304F6 /* JokesSettingsViewController.h */,
				2D69FC912215C950000304F6 /* JokesSettingsViewController.m */,
			);
			path = JokesSettings;
			sourceTree = "<group>";
		};
		9D350858DB6C1A9E52EFB9F0 /* Frameworks */ = {
			isa = PBXGroup;
			children = (
				2D69FC2A2215A3AD000304F6 /* libAFNetworking.a */,
				E319803D54F87A45C17CBFA2 /* libPods-FET.a */,
				AF546518DFBC3BD370220750 /* libPods-FETTests.a */,
				5ECCDC4CD2ECDD8174C2875A /* libPods-FETUITests.a */,
			);
			name = Frameworks;
			sourceTree = "<group>";
		};
		F91D42D4A44DFE6456328C65 /* Pods */ = {
			isa = PBXGroup;
			children = (
				A6FD98A6A34DCB43338CCDAA /* Pods-FET.debug.xcconfig */,
				B71535B0E43A775A55320541 /* Pods-FET.release.xcconfig */,
				6D4A4C964438082CAE69A9A4 /* Pods-FETTests.debug.xcconfig */,
				A840D66F8F61B9405CC7F720 /* Pods-FETTests.release.xcconfig */,
				CAD06455AFBB8A8766034E8C /* Pods-FETUITests.debug.xcconfig */,
				F887F68A18EFDFBAEB5A4AC5 /* Pods-FETUITests.release.xcconfig */,
			);
			name = Pods;
			sourceTree = "<group>";
		};
/* End PBXGroup section */

/* Begin PBXNativeTarget section */
		2D69FBE122159D79000304F6 /* FET */ = {
			isa = PBXNativeTarget;
			buildConfigurationList = 2D69FC0E22159D7A000304F6 /* Build configuration list for PBXNativeTarget "FET" */;
			buildPhases = (
				4770B23702B009799576229F /* [CP] Check Pods Manifest.lock */,
				2D69FBDE22159D79000304F6 /* Sources */,
				2D69FBDF22159D79000304F6 /* Frameworks */,
				2D69FBE022159D79000304F6 /* Resources */,
				528A109F9A7B7E7741DF060E /* [CP] Embed Pods Frameworks */,
				A1CBD943F2B8F740A3BDB4B9 /* [CP] Copy Pods Resources */,
			);
			buildRules = (
			);
			dependencies = (
			);
			name = FET;
			productName = FET;
			productReference = 2D69FBE222159D79000304F6 /* FET.app */;
			productType = "com.apple.product-type.application";
		};
		2D69FBF922159D7A000304F6 /* FETTests */ = {
			isa = PBXNativeTarget;
			buildConfigurationList = 2D69FC1122159D7A000304F6 /* Build configuration list for PBXNativeTarget "FETTests" */;
			buildPhases = (
				BBC728D147B9B39EDDBF96B1 /* [CP] Check Pods Manifest.lock */,
				2D69FBF622159D7A000304F6 /* Sources */,
				2D69FBF722159D7A000304F6 /* Frameworks */,
				2D69FBF822159D7A000304F6 /* Resources */,
				4B718135A69A95A7829CAEC4 /* [CP] Embed Pods Frameworks */,
				B3D24B01371C75D32DF80EFA /* [CP] Copy Pods Resources */,
			);
			buildRules = (
			);
			dependencies = (
				2D69FBFC22159D7A000304F6 /* PBXTargetDependency */,
			);
			name = FETTests;
			productName = FETTests;
			productReference = 2D69FBFA22159D7A000304F6 /* FETTests.xctest */;
			productType = "com.apple.product-type.bundle.unit-test";
		};
		2D69FC0422159D7A000304F6 /* FETUITests */ = {
			isa = PBXNativeTarget;
			buildConfigurationList = 2D69FC1422159D7A000304F6 /* Build configuration list for PBXNativeTarget "FETUITests" */;
			buildPhases = (
				536878E59F15320B78499B9C /* [CP] Check Pods Manifest.lock */,
				2D69FC0122159D7A000304F6 /* Sources */,
				2D69FC0222159D7A000304F6 /* Frameworks */,
				2D69FC0322159D7A000304F6 /* Resources */,
				A4F40067C8E7692235E0676E /* [CP] Embed Pods Frameworks */,
				F7DED161802E81D4BE2EC3C7 /* [CP] Copy Pods Resources */,
			);
			buildRules = (
			);
			dependencies = (
				2D69FC0722159D7A000304F6 /* PBXTargetDependency */,
			);
			name = FETUITests;
			productName = FETUITests;
			productReference = 2D69FC0522159D7A000304F6 /* FETUITests.xctest */;
			productType = "com.apple.product-type.bundle.ui-testing";
		};
/* End PBXNativeTarget section */

/* Begin PBXProject section */
		2D69FBDA22159D79000304F6 /* Project object */ = {
			isa = PBXProject;
			attributes = {
				LastUpgradeCheck = 1010;
				ORGANIZATIONNAME = "Fahad Attique";
				TargetAttributes = {
					2D69FBE122159D79000304F6 = {
						CreatedOnToolsVersion = 10.1;
					};
					2D69FBF922159D7A000304F6 = {
						CreatedOnToolsVersion = 10.1;
						TestTargetID = 2D69FBE122159D79000304F6;
					};
					2D69FC0422159D7A000304F6 = {
						CreatedOnToolsVersion = 10.1;
						TestTargetID = 2D69FBE122159D79000304F6;
					};
				};
			};
			buildConfigurationList = 2D69FBDD22159D79000304F6 /* Build configuration list for PBXProject "FET" */;
			compatibilityVersion = "Xcode 9.3";
			developmentRegion = en;
			hasScannedForEncodings = 0;
			knownRegions = (
				en,
				Base,
			);
			mainGroup = 2D69FBD922159D79000304F6;
			productRefGroup = 2D69FBE322159D79000304F6 /* Products */;
			projectDirPath = "";
			projectRoot = "";
			targets = (
				2D69FBE122159D79000304F6 /* FET */,
				2D69FBF922159D7A000304F6 /* FETTests */,
				2D69FC0422159D7A000304F6 /* FETUITests */,
			);
		};
/* End PBXProject section */

/* Begin PBXResourcesBuildPhase section */
		2D69FBE022159D79000304F6 /* Resources */ = {
			isa = PBXResourcesBuildPhase;
			buildActionMask = 2147483647;
			files = (
				2D69FC392215B14E000304F6 /* Jokes.storyboard in Resources */,
				2D69FBF222159D7A000304F6 /* LaunchScreen.storyboard in Resources */,
				2D69FC8E2215C14B000304F6 /* JokeTableViewCell.xib in Resources */,
				2D69FBEF22159D7A000304F6 /* Assets.xcassets in Resources */,
				2D69FC292215A10D000304F6 /* Podfile in Resources */,
			);
			runOnlyForDeploymentPostprocessing = 0;
		};
		2D69FBF822159D7A000304F6 /* Resources */ = {
			isa = PBXResourcesBuildPhase;
			buildActionMask = 2147483647;
			files = (
			);
			runOnlyForDeploymentPostprocessing = 0;
		};
		2D69FC0322159D7A000304F6 /* Resources */ = {
			isa = PBXResourcesBuildPhase;
			buildActionMask = 2147483647;
			files = (
			);
			runOnlyForDeploymentPostprocessing = 0;
		};
/* End PBXResourcesBuildPhase section */

/* Begin PBXShellScriptBuildPhase section */
		4770B23702B009799576229F /* [CP] Check Pods Manifest.lock */ = {
			isa = PBXShellScriptBuildPhase;
			buildActionMask = 2147483647;
			files = (
			);
			inputFileListPaths = (
			);
			inputPaths = (
				"${PODS_PODFILE_DIR_PATH}/Podfile.lock",
				"${PODS_ROOT}/Manifest.lock",
			);
			name = "[CP] Check Pods Manifest.lock";
			outputFileListPaths = (
			);
			outputPaths = (
				"$(DERIVED_FILE_DIR)/Pods-FET-checkManifestLockResult.txt",
			);
			runOnlyForDeploymentPostprocessing = 0;
			shellPath = /bin/sh;
			shellScript = "diff \"${PODS_PODFILE_DIR_PATH}/Podfile.lock\" \"${PODS_ROOT}/Manifest.lock\" > /dev/null\nif [ $? != 0 ] ; then\n    # print error to STDERR\n    echo \"error: The sandbox is not in sync with the Podfile.lock. Run 'pod install' or update your CocoaPods installation.\" >&2\n    exit 1\nfi\n# This output is used by Xcode 'outputs' to avoid re-running this script phase.\necho \"SUCCESS\" > \"${SCRIPT_OUTPUT_FILE_0}\"\n";
			showEnvVarsInLog = 0;
		};
		4B718135A69A95A7829CAEC4 /* [CP] Embed Pods Frameworks */ = {
			isa = PBXShellScriptBuildPhase;
			buildActionMask = 2147483647;
			files = (
			);
			inputFileListPaths = (
			);
			inputPaths = (
			);
			name = "[CP] Embed Pods Frameworks";
			outputFileListPaths = (
			);
			outputPaths = (
			);
			runOnlyForDeploymentPostprocessing = 0;
			shellPath = /bin/sh;
			shellScript = "\"${SRCROOT}/Pods/Target Support Files/Pods-FETTests/Pods-FETTests-frameworks.sh\"\n";
			showEnvVarsInLog = 0;
		};
		528A109F9A7B7E7741DF060E /* [CP] Embed Pods Frameworks */ = {
			isa = PBXShellScriptBuildPhase;
			buildActionMask = 2147483647;
			files = (
			);
			inputFileListPaths = (
			);
			inputPaths = (
			);
			name = "[CP] Embed Pods Frameworks";
			outputFileListPaths = (
			);
			outputPaths = (
			);
			runOnlyForDeploymentPostprocessing = 0;
			shellPath = /bin/sh;
			shellScript = "\"${SRCROOT}/Pods/Target Support Files/Pods-FET/Pods-FET-frameworks.sh\"\n";
			showEnvVarsInLog = 0;
		};
		536878E59F15320B78499B9C /* [CP] Check Pods Manifest.lock */ = {
			isa = PBXShellScriptBuildPhase;
			buildActionMask = 2147483647;
			files = (
			);
			inputFileListPaths = (
			);
			inputPaths = (
				"${PODS_PODFILE_DIR_PATH}/Podfile.lock",
				"${PODS_ROOT}/Manifest.lock",
			);
			name = "[CP] Check Pods Manifest.lock";
			outputFileListPaths = (
			);
			outputPaths = (
				"$(DERIVED_FILE_DIR)/Pods-FETUITests-checkManifestLockResult.txt",
			);
			runOnlyForDeploymentPostprocessing = 0;
			shellPath = /bin/sh;
			shellScript = "diff \"${PODS_PODFILE_DIR_PATH}/Podfile.lock\" \"${PODS_ROOT}/Manifest.lock\" > /dev/null\nif [ $? != 0 ] ; then\n    # print error to STDERR\n    echo \"error: The sandbox is not in sync with the Podfile.lock. Run 'pod install' or update your CocoaPods installation.\" >&2\n    exit 1\nfi\n# This output is used by Xcode 'outputs' to avoid re-running this script phase.\necho \"SUCCESS\" > \"${SCRIPT_OUTPUT_FILE_0}\"\n";
			showEnvVarsInLog = 0;
		};
		A1CBD943F2B8F740A3BDB4B9 /* [CP] Copy Pods Resources */ = {
			isa = PBXShellScriptBuildPhase;
			buildActionMask = 2147483647;
			files = (
			);
			inputFileListPaths = (
			);
			inputPaths = (
			);
			name = "[CP] Copy Pods Resources";
			outputFileListPaths = (
			);
			outputPaths = (
			);
			runOnlyForDeploymentPostprocessing = 0;
			shellPath = /bin/sh;
			shellScript = "\"${SRCROOT}/Pods/Target Support Files/Pods-FET/Pods-FET-resources.sh\"\n";
			showEnvVarsInLog = 0;
		};
		A4F40067C8E7692235E0676E /* [CP] Embed Pods Frameworks */ = {
			isa = PBXShellScriptBuildPhase;
			buildActionMask = 2147483647;
			files = (
			);
			inputFileListPaths = (
			);
			inputPaths = (
			);
			name = "[CP] Embed Pods Frameworks";
			outputFileListPaths = (
			);
			outputPaths = (
			);
			runOnlyForDeploymentPostprocessing = 0;
			shellPath = /bin/sh;
			shellScript = "\"${SRCROOT}/Pods/Target Support Files/Pods-FETUITests/Pods-FETUITests-frameworks.sh\"\n";
			showEnvVarsInLog = 0;
		};
		B3D24B01371C75D32DF80EFA /* [CP] Copy Pods Resources */ = {
			isa = PBXShellScriptBuildPhase;
			buildActionMask = 2147483647;
			files = (
			);
			inputFileListPaths = (
			);
			inputPaths = (
			);
			name = "[CP] Copy Pods Resources";
			outputFileListPaths = (
			);
			outputPaths = (
			);
			runOnlyForDeploymentPostprocessing = 0;
			shellPath = /bin/sh;
			shellScript = "\"${SRCROOT}/Pods/Target Support Files/Pods-FETTests/Pods-FETTests-resources.sh\"\n";
			showEnvVarsInLog = 0;
		};
		BBC728D147B9B39EDDBF96B1 /* [CP] Check Pods Manifest.lock */ = {
			isa = PBXShellScriptBuildPhase;
			buildActionMask = 2147483647;
			files = (
			);
			inputFileListPaths = (
			);
			inputPaths = (
				"${PODS_PODFILE_DIR_PATH}/Podfile.lock",
				"${PODS_ROOT}/Manifest.lock",
			);
			name = "[CP] Check Pods Manifest.lock";
			outputFileListPaths = (
			);
			outputPaths = (
				"$(DERIVED_FILE_DIR)/Pods-FETTests-checkManifestLockResult.txt",
			);
			runOnlyForDeploymentPostprocessing = 0;
			shellPath = /bin/sh;
			shellScript = "diff \"${PODS_PODFILE_DIR_PATH}/Podfile.lock\" \"${PODS_ROOT}/Manifest.lock\" > /dev/null\nif [ $? != 0 ] ; then\n    # print error to STDERR\n    echo \"error: The sandbox is not in sync with the Podfile.lock. Run 'pod install' or update your CocoaPods installation.\" >&2\n    exit 1\nfi\n# This output is used by Xcode 'outputs' to avoid re-running this script phase.\necho \"SUCCESS\" > \"${SCRIPT_OUTPUT_FILE_0}\"\n";
			showEnvVarsInLog = 0;
		};
		F7DED161802E81D4BE2EC3C7 /* [CP] Copy Pods Resources */ = {
			isa = PBXShellScriptBuildPhase;
			buildActionMask = 2147483647;
			files = (
			);
			inputFileListPaths = (
			);
			inputPaths = (
			);
			name = "[CP] Copy Pods Resources";
			outputFileListPaths = (
			);
			outputPaths = (
			);
			runOnlyForDeploymentPostprocessing = 0;
			shellPath = /bin/sh;
			shellScript = "\"${SRCROOT}/Pods/Target Support Files/Pods-FETUITests/Pods-FETUITests-resources.sh\"\n";
			showEnvVarsInLog = 0;
		};
/* End PBXShellScriptBuildPhase section */

/* Begin PBXSourcesBuildPhase section */
		2D69FBDE22159D79000304F6 /* Sources */ = {
			isa = PBXSourcesBuildPhase;
			buildActionMask = 2147483647;
			files = (
				2D69FC2422159F6E000304F6 /* Network.m in Sources */,
				2D69FC7B2215B2C7000304F6 /* RandomJokesViewController.m in Sources */,
				2D69FC872215B8FA000304F6 /* Joke.m in Sources */,
				2D69FBF522159D7A000304F6 /* main.m in Sources */,
				2D69FC342215A7D0000304F6 /* JokesLoader.m in Sources */,
				2D69FC8D2215C14B000304F6 /* JokeTableViewCell.m in Sources */,
				2D69FC932215C950000304F6 /* JokesSettingsViewController.m in Sources */,
				2D69FC832215B6F2000304F6 /* BaseResponse.m in Sources */,
				2D69FC7F2215B67C000304F6 /* ResponseSerializer.m in Sources */,
				2D69FBE722159D79000304F6 /* AppDelegate.m in Sources */,
			);
			runOnlyForDeploymentPostprocessing = 0;
		};
		2D69FBF622159D7A000304F6 /* Sources */ = {
			isa = PBXSourcesBuildPhase;
			buildActionMask = 2147483647;
			files = (
				2D69FBFF22159D7A000304F6 /* FETTests.m in Sources */,
			);
			runOnlyForDeploymentPostprocessing = 0;
		};
		2D69FC0122159D7A000304F6 /* Sources */ = {
			isa = PBXSourcesBuildPhase;
			buildActionMask = 2147483647;
			files = (
				2D69FC0A22159D7A000304F6 /* FETUITests.m in Sources */,
			);
			runOnlyForDeploymentPostprocessing = 0;
		};
/* End PBXSourcesBuildPhase section */

/* Begin PBXTargetDependency section */
		2D69FBFC22159D7A000304F6 /* PBXTargetDependency */ = {
			isa = PBXTargetDependency;
			target = 2D69FBE122159D79000304F6 /* FET */;
			targetProxy = 2D69FBFB22159D7A000304F6 /* PBXContainerItemProxy */;
		};
		2D69FC0722159D7A000304F6 /* PBXTargetDependency */ = {
			isa = PBXTargetDependency;
			target = 2D69FBE122159D79000304F6 /* FET */;
			targetProxy = 2D69FC0622159D7A000304F6 /* PBXContainerItemProxy */;
		};
/* End PBXTargetDependency section */

/* Begin PBXVariantGroup section */
		2D69FBF022159D7A000304F6 /* LaunchScreen.storyboard */ = {
			isa = PBXVariantGroup;
			children = (
				2D69FBF122159D7A000304F6 /* Base */,
			);
			name = LaunchScreen.storyboard;
			sourceTree = "<group>";
		};
/* End PBXVariantGroup section */

/* Begin XCBuildConfiguration section */
		2D69FC0C22159D7A000304F6 /* Debug */ = {
			isa = XCBuildConfiguration;
			buildSettings = {
				ALWAYS_SEARCH_USER_PATHS = NO;
				CLANG_ANALYZER_NONNULL = YES;
				CLANG_ANALYZER_NUMBER_OBJECT_CONVERSION = YES_AGGRESSIVE;
				CLANG_CXX_LANGUAGE_STANDARD = "gnu++14";
				CLANG_CXX_LIBRARY = "libc++";
				CLANG_ENABLE_MODULES = YES;
				CLANG_ENABLE_OBJC_ARC = YES;
				CLANG_ENABLE_OBJC_WEAK = YES;
				CLANG_WARN_BLOCK_CAPTURE_AUTORELEASING = YES;
				CLANG_WARN_BOOL_CONVERSION = YES;
				CLANG_WARN_COMMA = YES;
				CLANG_WARN_CONSTANT_CONVERSION = YES;
				CLANG_WARN_DEPRECATED_OBJC_IMPLEMENTATIONS = YES;
				CLANG_WARN_DIRECT_OBJC_ISA_USAGE = YES_ERROR;
				CLANG_WARN_DOCUMENTATION_COMMENTS = YES;
				CLANG_WARN_EMPTY_BODY = YES;
				CLANG_WARN_ENUM_CONVERSION = YES;
				CLANG_WARN_INFINITE_RECURSION = YES;
				CLANG_WARN_INT_CONVERSION = YES;
				CLANG_WARN_NON_LITERAL_NULL_CONVERSION = YES;
				CLANG_WARN_OBJC_IMPLICIT_RETAIN_SELF = YES;
				CLANG_WARN_OBJC_LITERAL_CONVERSION = YES;
				CLANG_WARN_OBJC_ROOT_CLASS = YES_ERROR;
				CLANG_WARN_RANGE_LOOP_ANALYSIS = YES;
				CLANG_WARN_STRICT_PROTOTYPES = YES;
				CLANG_WARN_SUSPICIOUS_MOVE = YES;
				CLANG_WARN_UNGUARDED_AVAILABILITY = YES_AGGRESSIVE;
				CLANG_WARN_UNREACHABLE_CODE = YES;
				CLANG_WARN__DUPLICATE_METHOD_MATCH = YES;
				CODE_SIGN_IDENTITY = "iPhone Developer";
				COPY_PHASE_STRIP = NO;
				DEBUG_INFORMATION_FORMAT = dwarf;
				ENABLE_STRICT_OBJC_MSGSEND = YES;
				ENABLE_TESTABILITY = YES;
				GCC_C_LANGUAGE_STANDARD = gnu11;
				GCC_DYNAMIC_NO_PIC = NO;
				GCC_NO_COMMON_BLOCKS = YES;
				GCC_OPTIMIZATION_LEVEL = 0;
				GCC_PREPROCESSOR_DEFINITIONS = (
					"DEBUG=1",
					"$(inherited)",
				);
				GCC_WARN_64_TO_32_BIT_CONVERSION = YES;
				GCC_WARN_ABOUT_RETURN_TYPE = YES_ERROR;
				GCC_WARN_UNDECLARED_SELECTOR = YES;
				GCC_WARN_UNINITIALIZED_AUTOS = YES_AGGRESSIVE;
				GCC_WARN_UNUSED_FUNCTION = YES;
				GCC_WARN_UNUSED_VARIABLE = YES;
				IPHONEOS_DEPLOYMENT_TARGET = 12.1;
				MTL_ENABLE_DEBUG_INFO = INCLUDE_SOURCE;
				MTL_FAST_MATH = YES;
				ONLY_ACTIVE_ARCH = YES;
				SDKROOT = iphoneos;
			};
			name = Debug;
		};
		2D69FC0D22159D7A000304F6 /* Release */ = {
			isa = XCBuildConfiguration;
			buildSettings = {
				ALWAYS_SEARCH_USER_PATHS = NO;
				CLANG_ANALYZER_NONNULL = YES;
				CLANG_ANALYZER_NUMBER_OBJECT_CONVERSION = YES_AGGRESSIVE;
				CLANG_CXX_LANGUAGE_STANDARD = "gnu++14";
				CLANG_CXX_LIBRARY = "libc++";
				CLANG_ENABLE_MODULES = YES;
				CLANG_ENABLE_OBJC_ARC = YES;
				CLANG_ENABLE_OBJC_WEAK = YES;
				CLANG_WARN_BLOCK_CAPTURE_AUTORELEASING = YES;
				CLANG_WARN_BOOL_CONVERSION = YES;
				CLANG_WARN_COMMA = YES;
				CLANG_WARN_CONSTANT_CONVERSION = YES;
				CLANG_WARN_DEPRECATED_OBJC_IMPLEMENTATIONS = YES;
				CLANG_WARN_DIRECT_OBJC_ISA_USAGE = YES_ERROR;
				CLANG_WARN_DOCUMENTATION_COMMENTS = YES;
				CLANG_WARN_EMPTY_BODY = YES;
				CLANG_WARN_ENUM_CONVERSION = YES;
				CLANG_WARN_INFINITE_RECURSION = YES;
				CLANG_WARN_INT_CONVERSION = YES;
				CLANG_WARN_NON_LITERAL_NULL_CONVERSION = YES;
				CLANG_WARN_OBJC_IMPLICIT_RETAIN_SELF = YES;
				CLANG_WARN_OBJC_LITERAL_CONVERSION = YES;
				CLANG_WARN_OBJC_ROOT_CLASS = YES_ERROR;
				CLANG_WARN_RANGE_LOOP_ANALYSIS = YES;
				CLANG_WARN_STRICT_PROTOTYPES = YES;
				CLANG_WARN_SUSPICIOUS_MOVE = YES;
				CLANG_WARN_UNGUARDED_AVAILABILITY = YES_AGGRESSIVE;
				CLANG_WARN_UNREACHABLE_CODE = YES;
				CLANG_WARN__DUPLICATE_METHOD_MATCH = YES;
				CODE_SIGN_IDENTITY = "iPhone Developer";
				COPY_PHASE_STRIP = NO;
				DEBUG_INFORMATION_FORMAT = "dwarf-with-dsym";
				ENABLE_NS_ASSERTIONS = NO;
				ENABLE_STRICT_OBJC_MSGSEND = YES;
				GCC_C_LANGUAGE_STANDARD = gnu11;
				GCC_NO_COMMON_BLOCKS = YES;
				GCC_WARN_64_TO_32_BIT_CONVERSION = YES;
				GCC_WARN_ABOUT_RETURN_TYPE = YES_ERROR;
				GCC_WARN_UNDECLARED_SELECTOR = YES;
				GCC_WARN_UNINITIALIZED_AUTOS = YES_AGGRESSIVE;
				GCC_WARN_UNUSED_FUNCTION = YES;
				GCC_WARN_UNUSED_VARIABLE = YES;
				IPHONEOS_DEPLOYMENT_TARGET = 12.1;
				MTL_ENABLE_DEBUG_INFO = NO;
				MTL_FAST_MATH = YES;
				SDKROOT = iphoneos;
				VALIDATE_PRODUCT = YES;
			};
			name = Release;
		};
		2D69FC0F22159D7A000304F6 /* Debug */ = {
			isa = XCBuildConfiguration;
			baseConfigurationReference = A6FD98A6A34DCB43338CCDAA /* Pods-FET.debug.xcconfig */;
			buildSettings = {
				ASSETCATALOG_COMPILER_APPICON_NAME = AppIcon;
				CODE_SIGN_STYLE = Automatic;
				INFOPLIST_FILE = "$(SRCROOT)/FET/Application/InfoPList/Info.plist";
				IPHONEOS_DEPLOYMENT_TARGET = 11.0;
				LD_RUNPATH_SEARCH_PATHS = (
					"$(inherited)",
					"@executable_path/Frameworks",
				);
				PRODUCT_BUNDLE_IDENTIFIER = com.fahid.FET;
				PRODUCT_NAME = "$(TARGET_NAME)";
				TARGETED_DEVICE_FAMILY = 1;
			};
			name = Debug;
		};
		2D69FC1022159D7A000304F6 /* Release */ = {
			isa = XCBuildConfiguration;
			baseConfigurationReference = B71535B0E43A775A55320541 /* Pods-FET.release.xcconfig */;
			buildSettings = {
				ASSETCATALOG_COMPILER_APPICON_NAME = AppIcon;
				CODE_SIGN_STYLE = Automatic;
				INFOPLIST_FILE = "$(SRCROOT)/FET/Application/InfoPList/Info.plist";
				IPHONEOS_DEPLOYMENT_TARGET = 11.0;
				LD_RUNPATH_SEARCH_PATHS = (
					"$(inherited)",
					"@executable_path/Frameworks",
				);
				PRODUCT_BUNDLE_IDENTIFIER = com.fahid.FET;
				PRODUCT_NAME = "$(TARGET_NAME)";
				TARGETED_DEVICE_FAMILY = 1;
			};
			name = Release;
		};
		2D69FC1222159D7A000304F6 /* Debug */ = {
			isa = XCBuildConfiguration;
			baseConfigurationReference = 6D4A4C964438082CAE69A9A4 /* Pods-FETTests.debug.xcconfig */;
			buildSettings = {
				BUNDLE_LOADER = "$(TEST_HOST)";
				CODE_SIGN_STYLE = Automatic;
				INFOPLIST_FILE = FETTests/Info.plist;
				LD_RUNPATH_SEARCH_PATHS = (
					"$(inherited)",
					"@executable_path/Frameworks",
					"@loader_path/Frameworks",
				);
				PRODUCT_BUNDLE_IDENTIFIER = com.fahid..FETTests;
				PRODUCT_NAME = "$(TARGET_NAME)";
				TARGETED_DEVICE_FAMILY = "1,2";
				TEST_HOST = "$(BUILT_PRODUCTS_DIR)/FET.app/FET";
			};
			name = Debug;
		};
		2D69FC1322159D7A000304F6 /* Release */ = {
			isa = XCBuildConfiguration;
			baseConfigurationReference = A840D66F8F61B9405CC7F720 /* Pods-FETTests.release.xcconfig */;
			buildSettings = {
				BUNDLE_LOADER = "$(TEST_HOST)";
				CODE_SIGN_STYLE = Automatic;
				INFOPLIST_FILE = FETTests/Info.plist;
				LD_RUNPATH_SEARCH_PATHS = (
					"$(inherited)",
					"@executable_path/Frameworks",
					"@loader_path/Frameworks",
				);
				PRODUCT_BUNDLE_IDENTIFIER = com.fahid..FETTests;
				PRODUCT_NAME = "$(TARGET_NAME)";
				TARGETED_DEVICE_FAMILY = "1,2";
				TEST_HOST = "$(BUILT_PRODUCTS_DIR)/FET.app/FET";
			};
			name = Release;
		};
		2D69FC1522159D7A000304F6 /* Debug */ = {
			isa = XCBuildConfiguration;
			baseConfigurationReference = CAD06455AFBB8A8766034E8C /* Pods-FETUITests.debug.xcconfig */;
			buildSettings = {
				CODE_SIGN_STYLE = Automatic;
				INFOPLIST_FILE = FETUITests/Info.plist;
				LD_RUNPATH_SEARCH_PATHS = (
					"$(inherited)",
					"@executable_path/Frameworks",
					"@loader_path/Frameworks",
				);
				PRODUCT_BUNDLE_IDENTIFIER = com.fahid..FETUITests;
				PRODUCT_NAME = "$(TARGET_NAME)";
				TARGETED_DEVICE_FAMILY = "1,2";
				TEST_TARGET_NAME = FET;
			};
			name = Debug;
		};
		2D69FC1622159D7A000304F6 /* Release */ = {
			isa = XCBuildConfiguration;
			baseConfigurationReference = F887F68A18EFDFBAEB5A4AC5 /* Pods-FETUITests.release.xcconfig */;
			buildSettings = {
				CODE_SIGN_STYLE = Automatic;
				INFOPLIST_FILE = FETUITests/Info.plist;
				LD_RUNPATH_SEARCH_PATHS = (
					"$(inherited)",
					"@executable_path/Frameworks",
					"@loader_path/Frameworks",
				);
				PRODUCT_BUNDLE_IDENTIFIER = com.fahid..FETUITests;
				PRODUCT_NAME = "$(TARGET_NAME)";
				TARGETED_DEVICE_FAMILY = "1,2";
				TEST_TARGET_NAME = FET;
			};
			name = Release;
		};
/* End XCBuildConfiguration section */

/* Begin XCConfigurationList section */
		2D69FBDD22159D79000304F6 /* Build configuration list for PBXProject "FET" */ = {
			isa = XCConfigurationList;
			buildConfigurations = (
				2D69FC0C22159D7A000304F6 /* Debug */,
				2D69FC0D22159D7A000304F6 /* Release */,
			);
			defaultConfigurationIsVisible = 0;
			defaultConfigurationName = Release;
		};
		2D69FC0E22159D7A000304F6 /* Build configuration list for PBXNativeTarget "FET" */ = {
			isa = XCConfigurationList;
			buildConfigurations = (
				2D69FC0F22159D7A000304F6 /* Debug */,
				2D69FC1022159D7A000304F6 /* Release */,
			);
			defaultConfigurationIsVisible = 0;
			defaultConfigurationName = Release;
		};
		2D69FC1122159D7A000304F6 /* Build configuration list for PBXNativeTarget "FETTests" */ = {
			isa = XCConfigurationList;
			buildConfigurations = (
				2D69FC1222159D7A000304F6 /* Debug */,
				2D69FC1322159D7A000304F6 /* Release */,
			);
			defaultConfigurationIsVisible = 0;
			defaultConfigurationName = Release;
		};
		2D69FC1422159D7A000304F6 /* Build configuration list for PBXNativeTarget "FETUITests" */ = {
			isa = XCConfigurationList;
			buildConfigurations = (
				2D69FC1522159D7A000304F6 /* Debug */,
				2D69FC1622159D7A000304F6 /* Release */,
			);
			defaultConfigurationIsVisible = 0;
			defaultConfigurationName = Release;
		};
/* End XCConfigurationList section */
	};
	rootObject = 2D69FBDA22159D79000304F6 /* Project object */;
}
